// !$*UTF8*$!
{
	archiveVersion = 1;
	classes = {
	};
	objectVersion = 46;
	objects = {

/* Begin PBXBuildFile section */
		213534AF16B8EE7300339E9B /* MenuData.m in Sources */ = {isa = PBXBuildFile; fileRef = 213534AE16B8EE7200339E9B /* MenuData.m */; };
		213534B716B8FA1A00339E9B /* MenuItemCell.m in Sources */ = {isa = PBXBuildFile; fileRef = 213534B616B8FA1A00339E9B /* MenuItemCell.m */; };
		21B59A6416B61F8A004E9EDA /* MyItem.m in Sources */ = {isa = PBXBuildFile; fileRef = 21B59A6316B61F8A004E9EDA /* MyItem.m */; };
		21DC980016B61A7900E33B14 /* UIKit.framework in Frameworks */ = {isa = PBXBuildFile; fileRef = 21DC97FF16B61A7900E33B14 /* UIKit.framework */; };
		21DC980216B61A7900E33B14 /* Foundation.framework in Frameworks */ = {isa = PBXBuildFile; fileRef = 21DC980116B61A7900E33B14 /* Foundation.framework */; };
		21DC980416B61A7900E33B14 /* CoreGraphics.framework in Frameworks */ = {isa = PBXBuildFile; fileRef = 21DC980316B61A7900E33B14 /* CoreGraphics.framework */; };
		21DC980A16B61A7900E33B14 /* InfoPlist.strings in Resources */ = {isa = PBXBuildFile; fileRef = 21DC980816B61A7900E33B14 /* InfoPlist.strings */; };
		21DC980C16B61A7900E33B14 /* main.m in Sources */ = {isa = PBXBuildFile; fileRef = 21DC980B16B61A7900E33B14 /* main.m */; };
		21DC981016B61A7900E33B14 /* AppDelegate.m in Sources */ = {isa = PBXBuildFile; fileRef = 21DC980F16B61A7900E33B14 /* AppDelegate.m */; };
		21DC981216B61A7A00E33B14 /* Default.png in Resources */ = {isa = PBXBuildFile; fileRef = 21DC981116B61A7A00E33B14 /* Default.png */; };
		21DC981416B61A7A00E33B14 /* Default@2x.png in Resources */ = {isa = PBXBuildFile; fileRef = 21DC981316B61A7A00E33B14 /* Default@2x.png */; };
		21DC981616B61A7A00E33B14 /* Default-568h@2x.png in Resources */ = {isa = PBXBuildFile; fileRef = 21DC981516B61A7A00E33B14 /* Default-568h@2x.png */; };
		21DC981F16B61AC900E33B14 /* RootViewController.m in Sources */ = {isa = PBXBuildFile; fileRef = 21DC981D16B61AC900E33B14 /* RootViewController.m */; };
		21DC982016B61AC900E33B14 /* RootViewController.xib in Resources */ = {isa = PBXBuildFile; fileRef = 21DC981E16B61AC900E33B14 /* RootViewController.xib */; };
/* End PBXBuildFile section */

/* Begin PBXFileReference section */
		213534AD16B8EE7200339E9B /* MenuData.h */ = {isa = PBXFileReference; fileEncoding = 4; lastKnownFileType = sourcecode.c.h; path = MenuData.h; sourceTree = "<group>"; };
		213534AE16B8EE7200339E9B /* MenuData.m */ = {isa = PBXFileReference; fileEncoding = 4; lastKnownFileType = sourcecode.c.objc; path = MenuData.m; sourceTree = "<group>"; };
		213534B516B8FA1A00339E9B /* MenuItemCell.h */ = {isa = PBXFileReference; fileEncoding = 4; lastKnownFileType = sourcecode.c.h; path = MenuItemCell.h; sourceTree = "<group>"; };
		213534B616B8FA1A00339E9B /* MenuItemCell.m */ = {isa = PBXFileReference; fileEncoding = 4; lastKnownFileType = sourcecode.c.objc; path = MenuItemCell.m; sourceTree = "<group>"; };
		21B59A6216B61F8A004E9EDA /* MyItem.h */ = {isa = PBXFileReference; fileEncoding = 4; lastKnownFileType = sourcecode.c.h; path = MyItem.h; sourceTree = "<group>"; };
		21B59A6316B61F8A004E9EDA /* MyItem.m */ = {isa = PBXFileReference; fileEncoding = 4; lastKnownFileType = sourcecode.c.objc; path = MyItem.m; sourceTree = "<group>"; };
		21DC97FB16B61A7900E33B14 /* MultiMenu.app */ = {isa = PBXFileReference; explicitFileType = wrapper.application; includeInIndex = 0; path = MultiMenu.app; sourceTree = BUILT_PRODUCTS_DIR; };
		21DC97FF16B61A7900E33B14 /* UIKit.framework */ = {isa = PBXFileReference; lastKnownFileType = wrapper.framework; name = UIKit.framework; path = System/Library/Frameworks/UIKit.framework; sourceTree = SDKROOT; };
		21DC980116B61A7900E33B14 /* Foundation.framework */ = {isa = PBXFileReference; lastKnownFileType = wrapper.framework; name = Foundation.framework; path = System/Library/Frameworks/Foundation.framework; sourceTree = SDKROOT; };
		21DC980316B61A7900E33B14 /* CoreGraphics.framework */ = {isa = PBXFileReference; lastKnownFileType = wrapper.framework; name = CoreGraphics.framework; path = System/Library/Frameworks/CoreGraphics.framework; sourceTree = SDKROOT; };
		21DC980716B61A7900E33B14 /* MultiMenu-Info.plist */ = {isa = PBXFileReference; lastKnownFileType = text.plist.xml; path = "MultiMenu-Info.plist"; sourceTree = "<group>"; };
		21DC980916B61A7900E33B14 /* en */ = {isa = PBXFileReference; lastKnownFileType = text.plist.strings; name = en; path = en.lproj/InfoPlist.strings; sourceTree = "<group>"; };
		21DC980B16B61A7900E33B14 /* main.m */ = {isa = PBXFileReference; lastKnownFileType = sourcecode.c.objc; path = main.m; sourceTree = "<group>"; };
		21DC980D16B61A7900E33B14 /* MultiMenu-Prefix.pch */ = {isa = PBXFileReference; lastKnownFileType = sourcecode.c.h; path = "MultiMenu-Prefix.pch"; sourceTree = "<group>"; };
		21DC980E16B61A7900E33B14 /* AppDelegate.h */ = {isa = PBXFileReference; lastKnownFileType = sourcecode.c.h; path = AppDelegate.h; sourceTree = "<group>"; };
		21DC980F16B61A7900E33B14 /* AppDelegate.m */ = {isa = PBXFileReference; lastKnownFileType = sourcecode.c.objc; path = AppDelegate.m; sourceTree = "<group>"; };
		21DC981116B61A7A00E33B14 /* Default.png */ = {isa = PBXFileReference; lastKnownFileType = image.png; path = Default.png; sourceTree = "<group>"; };
		21DC981316B61A7A00E33B14 /* Default@2x.png */ = {isa = PBXFileReference; lastKnownFileType = image.png; path = "Default@2x.png"; sourceTree = "<group>"; };
		21DC981516B61A7A00E33B14 /* Default-568h@2x.png */ = {isa = PBXFileReference; lastKnownFileType = image.png; path = "Default-568h@2x.png"; sourceTree = "<group>"; };
		21DC981C16B61AC900E33B14 /* RootViewController.h */ = {isa = PBXFileReference; fileEncoding = 4; lastKnownFileType = sourcecode.c.h; path = RootViewController.h; sourceTree = "<group>"; };
		21DC981D16B61AC900E33B14 /* RootViewController.m */ = {isa = PBXFileReference; fileEncoding = 4; lastKnownFileType = sourcecode.c.objc; path = RootViewController.m; sourceTree = "<group>"; };
		21DC981E16B61AC900E33B14 /* RootViewController.xib */ = {isa = PBXFileReference; fileEncoding = 4; lastKnownFileType = file.xib; path = RootViewController.xib; sourceTree = "<group>"; };
/* End PBXFileReference section */

/* Begin PBXFrameworksBuildPhase section */
		21DC97F816B61A7900E33B14 /* Frameworks */ = {
			isa = PBXFrameworksBuildPhase;
			buildActionMask = 2147483647;
			files = (
				21DC980016B61A7900E33B14 /* UIKit.framework in Frameworks */,
				21DC980216B61A7900E33B14 /* Foundation.framework in Frameworks */,
				21DC980416B61A7900E33B14 /* CoreGraphics.framework in Frameworks */,
			);
			runOnlyForDeploymentPostprocessing = 0;
		};
/* End PBXFrameworksBuildPhase section */

/* Begin PBXGroup section */
		21DC97F016B61A7900E33B14 = {
			isa = PBXGroup;
			children = (
				21DC980516B61A7900E33B14 /* MultiMenu */,
				21DC97FE16B61A7900E33B14 /* Frameworks */,
				21DC97FC16B61A7900E33B14 /* Products */,
			);
			sourceTree = "<group>";
		};
		21DC97FC16B61A7900E33B14 /* Products */ = {
			isa = PBXGroup;
			children = (
				21DC97FB16B61A7900E33B14 /* MultiMenu.app */,
			);
			name = Products;
			sourceTree = "<group>";
		};
		21DC97FE16B61A7900E33B14 /* Frameworks */ = {
			isa = PBXGroup;
			children = (
				21DC97FF16B61A7900E33B14 /* UIKit.framework */,
				21DC980116B61A7900E33B14 /* Foundation.framework */,
				21DC980316B61A7900E33B14 /* CoreGraphics.framework */,
			);
			name = Frameworks;
			sourceTree = "<group>";
		};
		21DC980516B61A7900E33B14 /* MultiMenu */ = {
			isa = PBXGroup;
			children = (
				21DC980E16B61A7900E33B14 /* AppDelegate.h */,
				21DC980F16B61A7900E33B14 /* AppDelegate.m */,
				21B59A6216B61F8A004E9EDA /* MyItem.h */,
				21B59A6316B61F8A004E9EDA /* MyItem.m */,
				213534AD16B8EE7200339E9B /* MenuData.h */,
				213534AE16B8EE7200339E9B /* MenuData.m */,
				21DC981C16B61AC900E33B14 /* RootViewController.h */,
				21DC981D16B61AC900E33B14 /* RootViewController.m */,
				213534B516B8FA1A00339E9B /* MenuItemCell.h */,
				213534B616B8FA1A00339E9B /* MenuItemCell.m */,
				21DC981E16B61AC900E33B14 /* RootViewController.xib */,
				21DC980616B61A7900E33B14 /* Supporting Files */,
			);
			path = MultiMenu;
			sourceTree = "<group>";
		};
		21DC980616B61A7900E33B14 /* Supporting Files */ = {
			isa = PBXGroup;
			children = (
				21DC980716B61A7900E33B14 /* MultiMenu-Info.plist */,
				21DC980816B61A7900E33B14 /* InfoPlist.strings */,
				21DC980B16B61A7900E33B14 /* main.m */,
				21DC980D16B61A7900E33B14 /* MultiMenu-Prefix.pch */,
				21DC981116B61A7A00E33B14 /* Default.png */,
				21DC981316B61A7A00E33B14 /* Default@2x.png */,
				21DC981516B61A7A00E33B14 /* Default-568h@2x.png */,
			);
			name = "Supporting Files";
			sourceTree = "<group>";
		};
/* End PBXGroup section */

/* Begin PBXNativeTarget section */
		21DC97FA16B61A7900E33B14 /* MultiMenu */ = {
			isa = PBXNativeTarget;
			buildConfigurationList = 21DC981916B61A7A00E33B14 /* Build configuration list for PBXNativeTarget "MultiMenu" */;
			buildPhases = (
				21DC97F716B61A7900E33B14 /* Sources */,
				21DC97F816B61A7900E33B14 /* Frameworks */,
				21DC97F916B61A7900E33B14 /* Resources */,
			);
			buildRules = (
			);
			dependencies = (
			);
			name = MultiMenu;
			productName = MultiMenu;
			productReference = 21DC97FB16B61A7900E33B14 /* MultiMenu.app */;
			productType = "com.apple.product-type.application";
		};
/* End PBXNativeTarget section */

/* Begin PBXProject section */
		21DC97F216B61A7900E33B14 /* Project object */ = {
			isa = PBXProject;
			attributes = {
				LastUpgradeCheck = 0450;
				ORGANIZATIONNAME = lxm;
			};
			buildConfigurationList = 21DC97F516B61A7900E33B14 /* Build configuration list for PBXProject "MultiMenu" */;
			compatibilityVersion = "Xcode 3.2";
			developmentRegion = English;
			hasScannedForEncodings = 0;
			knownRegions = (
				en,
			);
			mainGroup = 21DC97F016B61A7900E33B14;
			productRefGroup = 21DC97FC16B61A7900E33B14 /* Products */;
			projectDirPath = "";
			projectRoot = "";
			targets = (
				21DC97FA16B61A7900E33B14 /* MultiMenu */,
			);
		};
/* End PBXProject section */

/* Begin PBXResourcesBuildPhase section */
		21DC97F916B61A7900E33B14 /* Resources */ = {
			isa = PBXResourcesBuildPhase;
			buildActionMask = 2147483647;
			files = (
				21DC980A16B61A7900E33B14 /* InfoPlist.strings in Resources */,
				21DC981216B61A7A00E33B14 /* Default.png in Resources */,
				21DC981416B61A7A00E33B14 /* Default@2x.png in Resources */,
				21DC981616B61A7A00E33B14 /* Default-568h@2x.png in Resources */,
				21DC982016B61AC900E33B14 /* RootViewController.xib in Resources */,
			);
			runOnlyForDeploymentPostprocessing = 0;
		};
/* End PBXResourcesBuildPhase section */

/* Begin PBXSourcesBuildPhase section */
		21DC97F716B61A7900E33B14 /* Sources */ = {
			isa = PBXSourcesBuildPhase;
			buildActionMask = 2147483647;
			files = (
				21DC980C16B61A7900E33B14 /* main.m in Sources */,
				21DC981016B61A7900E33B14 /* AppDelegate.m in Sources */,
				21DC981F16B61AC900E33B14 /* RootViewController.m in Sources */,
				21B59A6416B61F8A004E9EDA /* MyItem.m in Sources */,
				213534AF16B8EE7300339E9B /* MenuData.m in Sources */,
				213534B716B8FA1A00339E9B /* MenuItemCell.m in Sources */,
			);
			runOnlyForDeploymentPostprocessing = 0;
		};
/* End PBXSourcesBuildPhase section */

/* Begin PBXVariantGroup section */
		21DC980816B61A7900E33B14 /* InfoPlist.strings */ = {
			isa = PBXVariantGroup;
			children = (
				21DC980916B61A7900E33B14 /* en */,
			);
			name = InfoPlist.strings;
			sourceTree = "<group>";
		};
/* End PBXVariantGroup section */

/* Begin XCBuildConfiguration section */
		21DC981716B61A7A00E33B14 /* Debug */ = {
			isa = XCBuildConfiguration;
			buildSettings = {
				ALWAYS_SEARCH_USER_PATHS = NO;
				CLANG_CXX_LANGUAGE_STANDARD = "gnu++0x";
				CLANG_CXX_LIBRARY = "libc++";
				CLANG_WARN_EMPTY_BODY = YES;
				CLANG_WARN__DUPLICATE_METHOD_MATCH = YES;
				"CODE_SIGN_IDENTITY[sdk=iphoneos*]" = "iPhone Developer";
				COPY_PHASE_STRIP = NO;
				GCC_C_LANGUAGE_STANDARD = gnu99;
				GCC_DYNAMIC_NO_PIC = NO;
				GCC_OPTIMIZATION_LEVEL = 0;
				GCC_PREPROCESSOR_DEFINITIONS = (
					"DEBUG=1",
					"$(inherited)",
				);
				GCC_SYMBOLS_PRIVATE_EXTERN = NO;
				GCC_WARN_ABOUT_RETURN_TYPE = YES;
				GCC_WARN_UNINITIALIZED_AUTOS = YES;
				GCC_WARN_UNUSED_VARIABLE = YES;
				IPHONEOS_DEPLOYMENT_TARGET = 6.0;
				SDKROOT = iphoneos;
			};
			name = Debug;
		};
		21DC981816B61A7A00E33B14 /* Release */ = {
			isa = XCBuildConfiguration;
			buildSettings = {
				ALWAYS_SEARCH_USER_PATHS = NO;
				CLANG_CXX_LANGUAGE_STANDARD = "gnu++0x";
				CLANG_CXX_LIBRARY = "libc++";
				CLANG_WARN_EMPTY_BODY = YES;
				CLANG_WARN__DUPLICATE_METHOD_MATCH = YES;
				"CODE_SIGN_IDENTITY[sdk=iphoneos*]" = "iPhone Developer";
				COPY_PHASE_STRIP = YES;
				GCC_C_LANGUAGE_STANDARD = gnu99;
				GCC_WARN_ABOUT_RETURN_TYPE = YES;
				GCC_WARN_UNINITIALIZED_AUTOS = YES;
				GCC_WARN_UNUSED_VARIABLE = YES;
				IPHONEOS_DEPLOYMENT_TARGET = 6.0;
				OTHER_CFLAGS = "-DNS_BLOCK_ASSERTIONS=1";
				SDKROOT = iphoneos;
				VALIDATE_PRODUCT = YES;
			};
			name = Release;
		};
		21DC981A16B61A7A00E33B14 /* Debug */ = {
			isa = XCBuildConfiguration;
			buildSettings = {
				GCC_PRECOMPILE_PREFIX_HEADER = YES;
				GCC_PREFIX_HEADER = "MultiMenu/MultiMenu-Prefix.pch";
				INFOPLIST_FILE = "MultiMenu/MultiMenu-Info.plist";
				PRODUCT_NAME = "$(TARGET_NAME)";
				WRAPPER_EXTENSION = app;
			};
			name = Debug;
		};
		21DC981B16B61A7A00E33B14 /* Release */ = {
			isa = XCBuildConfiguration;
			buildSettings = {
				GCC_PRECOMPILE_PREFIX_HEADER = YES;
				GCC_PREFIX_HEADER = "MultiMenu/MultiMenu-Prefix.pch";
				INFOPLIST_FILE = "MultiMenu/MultiMenu-Info.plist";
				PRODUCT_NAME = "$(TARGET_NAME)";
				WRAPPER_EXTENSION = app;
			};
			name = Release;
		};
/* End XCBuildConfiguration section */

/* Begin XCConfigurationList section */
		21DC97F516B61A7900E33B14 /* Build configuration list for PBXProject "MultiMenu" */ = {
			isa = XCConfigurationList;
			buildConfigurations = (
				21DC981716B61A7A00E33B14 /* Debug */,
				21DC981816B61A7A00E33B14 /* Release */,
			);
			defaultConfigurationIsVisible = 0;
			defaultConfigurationName = Release;
		};
		21DC981916B61A7A00E33B14 /* Build configuration list for PBXNativeTarget "MultiMenu" */ = {
			isa = XCConfigurationList;
			buildConfigurations = (
				21DC981A16B61A7A00E33B14 /* Debug */,
				21DC981B16B61A7A00E33B14 /* Release */,
			);
			defaultConfigurationIsVisible = 0;
			defaultConfigurationName = Release;
		};
/* End XCConfigurationList section */
	};
	rootObject = 21DC97F216B61A7900E33B14 /* Project object */;
}
